{
  "version": 4,
  "terraform_version": "1.3.7",
  "serial": 7,
  "lineage": "58f2ba31-bf42-d21c-b86a-da945d98f9f3",
  "outputs": {},
  "resources": [
    {
      "mode": "managed",
      "type": "yandex_iam_service_account_static_access_key",
      "name": "sa-static-key",
      "provider": "provider[\"registry.terraform.io/yandex-cloud/yandex\"]",
      "instances": [
        {
          "schema_version": 0,
          "attributes": {
            "access_key": "YCAJEz3ICy46dNwKULVccSl9F",
            "created_at": "2023-01-24T18:07:58Z",
            "description": "static access key for object storage",
            "encrypted_secret_key": null,
            "id": "ajettb2o64u61viin1sr",
            "key_fingerprint": null,
            "pgp_key": null,
            "secret_key": "YCPjZenVPPV5LBTLR6kpXqMMjVWwhbRNRZDBpCSE",
            "service_account_id": "ajev7ghrasffi3vb00vn"
          },
          "sensitive_attributes": [],
          "private": "bnVsbA=="
        }
      ]
    },
    {
      "mode": "managed",
      "type": "yandex_storage_bucket",
      "name": "test",
      "provider": "provider[\"registry.terraform.io/yandex-cloud/yandex\"]",
      "instances": [
        {
          "schema_version": 0,
          "attributes": {
            "access_key": "YCAJEz3ICy46dNwKULVccSl9F",
            "acl": "private",
            "anonymous_access_flags": [
              {
                "list": false,
                "read": false
              }
            ],
            "bucket": "de-zoomcamp-bucket",
            "bucket_domain_name": "de-zoomcamp-bucket.storage.yandexcloud.net",
            "bucket_prefix": null,
            "cors_rule": [],
            "default_storage_class": "STANDARD",
            "folder_id": "b1ggh2gqnmjn6959knq0",
            "force_destroy": false,
            "grant": [],
            "https": [],
            "id": "de-zoomcamp-bucket",
            "lifecycle_rule": [],
            "logging": [],
            "max_size": 0,
            "policy": "",
            "secret_key": "YCPjZenVPPV5LBTLR6kpXqMMjVWwhbRNRZDBpCSE",
            "server_side_encryption_configuration": [],
            "versioning": [
              {
                "enabled": false
              }
            ],
            "website": [],
            "website_domain": null,
            "website_endpoint": null
          },
          "sensitive_attributes": [
            [
              {
                "type": "get_attr",
                "value": "secret_key"
              }
            ]
          ],
          "private": "bnVsbA==",
          "dependencies": [
            "yandex_iam_service_account_static_access_key.sa-static-key"
          ]
        }
      ]
    }
  ],
  "check_results": null
}
